// !$*UTF8*$!
{
	archiveVersion = 1;
	classes = {
	};
	objectVersion = 77;
	objects = {

/* Begin PBXContainerItemProxy section */
		9DF0B8CD2E944F680065C7F7 /* PBXContainerItemProxy */ = {
			isa = PBXContainerItemProxy;
			containerPortal = 9DF0B8B72E944F670065C7F7 /* Project object */;
			proxyType = 1;
			remoteGlobalIDString = 9DF0B8BE2E944F670065C7F7;
			remoteInfo = ChooseYourOwn;
		};
		9DF0B8D72E944F680065C7F7 /* PBXContainerItemProxy */ = {
			isa = PBXContainerItemProxy;
			containerPortal = 9DF0B8B72E944F670065C7F7 /* Project object */;
			proxyType = 1;
			remoteGlobalIDString = 9DF0B8BE2E944F670065C7F7;
			remoteInfo = ChooseYourOwn;
		};
/* End PBXContainerItemProxy section */

/* Begin PBXFileReference section */
		9DF0B8BF2E944F670065C7F7 /* ChooseYourOwn.app */ = {isa = PBXFileReference; explicitFileType = wrapper.application; includeInIndex = 0; path = ChooseYourOwn.app; sourceTree = BUILT_PRODUCTS_DIR; };
		9DF0B8CC2E944F680065C7F7 /* ChooseYourOwnTests.xctest */ = {isa = PBXFileReference; explicitFileType = wrapper.cfbundle; includeInIndex = 0; path = ChooseYourOwnTests.xctest; sourceTree = BUILT_PRODUCTS_DIR; };
		9DF0B8D62E944F680065C7F7 /* ChooseYourOwnUITests.xctest */ = {isa = PBXFileReference; explicitFileType = wrapper.cfbundle; includeInIndex = 0; path = ChooseYourOwnUITests.xctest; sourceTree = BUILT_PRODUCTS_DIR; };
/* End PBXFileReference section */

/* Begin PBXFileSystemSynchronizedRootGroup section */
		9DF0B8C12E944F670065C7F7 /* ChooseYourOwn */ = {
			isa = PBXFileSystemSynchronizedRootGroup;
			path = ChooseYourOwn;
			sourceTree = "<group>";
		};
		9DF0B8CF2E944F680065C7F7 /* ChooseYourOwnTests */ = {
			isa = PBXFileSystemSynchronizedRootGroup;
			path = ChooseYourOwnTests;
			sourceTree = "<group>";
		};
		9DF0B8D92E944F680065C7F7 /* ChooseYourOwnUITests */ = {
			isa = PBXFileSystemSynchronizedRootGroup;
			path = ChooseYourOwnUITests;
			sourceTree = "<group>";
		};
/* End PBXFileSystemSynchronizedRootGroup section */

/* Begin PBXFrameworksBuildPhase section */
		9DF0B8BC2E944F670065C7F7 /* Frameworks */ = {
			isa = PBXFrameworksBuildPhase;
			buildActionMask = 2147483647;
			files = (
			);
			runOnlyForDeploymentPostprocessing = 0;
		};
		9DF0B8C92E944F680065C7F7 /* Frameworks */ = {
			isa = PBXFrameworksBuildPhase;
			buildActionMask = 2147483647;
			files = (
			);
			runOnlyForDeploymentPostprocessing = 0;
		};
		9DF0B8D32E944F680065C7F7 /* Frameworks */ = {
			isa = PBXFrameworksBuildPhase;
			buildActionMask = 2147483647;
			files = (
			);
			runOnlyForDeploymentPostprocessing = 0;
		};
/* End PBXFrameworksBuildPhase section */

/* Begin PBXGroup section */
		9DF0B8B62E944F670065C7F7 = {
			isa = PBXGroup;
			children = (
				9DF0B8C12E944F670065C7F7 /* ChooseYourOwn */,
				9DF0B8CF2E944F680065C7F7 /* ChooseYourOwnTests */,
				9DF0B8D92E944F680065C7F7 /* ChooseYourOwnUITests */,
				9DF0B8C02E944F670065C7F7 /* Products */,
			);
			sourceTree = "<group>";
		};
		9DF0B8C02E944F670065C7F7 /* Products */ = {
			isa = PBXGroup;
			children = (
				9DF0B8BF2E944F670065C7F7 /* ChooseYourOwn.app */,
				9DF0B8CC2E944F680065C7F7 /* ChooseYourOwnTests.xctest */,
				9DF0B8D62E944F680065C7F7 /* ChooseYourOwnUITests.xctest */,
			);
			name = Products;
			sourceTree = "<group>";
		};
/* End PBXGroup section */

/* Begin PBXNativeTarget section */
		9DF0B8BE2E944F670065C7F7 /* ChooseYourOwn */ = {
			isa = PBXNativeTarget;
			buildConfigurationList = 9DF0B8E02E944F680065C7F7 /* Build configuration list for PBXNativeTarget "ChooseYourOwn" */;
			buildPhases = (
				9DF0B8BB2E944F670065C7F7 /* Sources */,
				9DF0B8BC2E944F670065C7F7 /* Frameworks */,
				9DF0B8BD2E944F670065C7F7 /* Resources */,
			);
			buildRules = (
			);
			dependencies = (
			);
			fileSystemSynchronizedGroups = (
				9DF0B8C12E944F670065C7F7 /* ChooseYourOwn */,
			);
			name = ChooseYourOwn;
			packageProductDependencies = (
			);
			productName = ChooseYourOwn;
			productReference = 9DF0B8BF2E944F670065C7F7 /* ChooseYourOwn.app */;
			productType = "com.apple.product-type.application";
		};
		9DF0B8CB2E944F680065C7F7 /* ChooseYourOwnTests */ = {
			isa = PBXNativeTarget;
			buildConfigurationList = 9DF0B8E32E944F680065C7F7 /* Build configuration list for PBXNativeTarget "ChooseYourOwnTests" */;
			buildPhases = (
				9DF0B8C82E944F680065C7F7 /* Sources */,
				9DF0B8C92E944F680065C7F7 /* Frameworks */,
				9DF0B8CA2E944F680065C7F7 /* Resources */,
			);
			buildRules = (
			);
			dependencies = (
				9DF0B8CE2E944F680065C7F7 /* PBXTargetDependency */,
			);
			fileSystemSynchronizedGroups = (
				9DF0B8CF2E944F680065C7F7 /* ChooseYourOwnTests */,
			);
			name = ChooseYourOwnTests;
			packageProductDependencies = (
			);
			productName = ChooseYourOwnTests;
			productReference = 9DF0B8CC2E944F680065C7F7 /* ChooseYourOwnTests.xctest */;
			productType = "com.apple.product-type.bundle.unit-test";
		};
		9DF0B8D52E944F680065C7F7 /* ChooseYourOwnUITests */ = {
			isa = PBXNativeTarget;
			buildConfigurationList = 9DF0B8E62E944F680065C7F7 /* Build configuration list for PBXNativeTarget "ChooseYourOwnUITests" */;
			buildPhases = (
				9DF0B8D22E944F680065C7F7 /* Sources */,
				9DF0B8D32E944F680065C7F7 /* Frameworks */,
				9DF0B8D42E944F680065C7F7 /* Resources */,
			);
			buildRules = (
			);
			dependencies = (
				9DF0B8D82E944F680065C7F7 /* PBXTargetDependency */,
			);
			fileSystemSynchronizedGroups = (
				9DF0B8D92E944F680065C7F7 /* ChooseYourOwnUITests */,
			);
			name = ChooseYourOwnUITests;
			packageProductDependencies = (
			);
			productName = ChooseYourOwnUITests;
			productReference = 9DF0B8D62E944F680065C7F7 /* ChooseYourOwnUITests.xctest */;
			productType = "com.apple.product-type.bundle.ui-testing";
		};
/* End PBXNativeTarget section */

/* Begin PBXProject section */
		9DF0B8B72E944F670065C7F7 /* Project object */ = {
			isa = PBXProject;
			attributes = {
				BuildIndependentTargetsInParallel = 1;
				LastSwiftUpdateCheck = 1640;
				LastUpgradeCheck = 1640;
				TargetAttributes = {
					9DF0B8BE2E944F670065C7F7 = {
						CreatedOnToolsVersion = 16.4;
					};
					9DF0B8CB2E944F680065C7F7 = {
						CreatedOnToolsVersion = 16.4;
						TestTargetID = 9DF0B8BE2E944F670065C7F7;
					};
					9DF0B8D52E944F680065C7F7 = {
						CreatedOnToolsVersion = 16.4;
						TestTargetID = 9DF0B8BE2E944F670065C7F7;
					};
				};
			};
			buildConfigurationList = 9DF0B8BA2E944F670065C7F7 /* Build configuration list for PBXProject "ChooseYourOwn" */;
			developmentRegion = en;
			hasScannedForEncodings = 0;
			knownRegions = (
				en,
				Base,
			);
			mainGroup = 9DF0B8B62E944F670065C7F7;
			minimizedProjectReferenceProxies = 1;
			preferredProjectObjectVersion = 77;
			productRefGroup = 9DF0B8C02E944F670065C7F7 /* Products */;
			projectDirPath = "";
			projectRoot = "";
			targets = (
				9DF0B8BE2E944F670065C7F7 /* ChooseYourOwn */,
				9DF0B8CB2E944F680065C7F7 /* ChooseYourOwnTests */,
				9DF0B8D52E944F680065C7F7 /* ChooseYourOwnUITests */,
			);
		};
/* End PBXProject section */

/* Begin PBXResourcesBuildPhase section */
		9DF0B8BD2E944F670065C7F7 /* Resources */ = {
			isa = PBXResourcesBuildPhase;
			buildActionMask = 2147483647;
			files = (
			);
			runOnlyForDeploymentPostprocessing = 0;
		};
		9DF0B8CA2E944F680065C7F7 /* Resources */ = {
			isa = PBXResourcesBuildPhase;
			buildActionMask = 2147483647;
			files = (
			);
			runOnlyForDeploymentPostprocessing = 0;
		};
		9DF0B8D42E944F680065C7F7 /* Resources */ = {
			isa = PBXResourcesBuildPhase;
			buildActionMask = 2147483647;
			files = (
			);
			runOnlyForDeploymentPostprocessing = 0;
		};
/* End PBXResourcesBuildPhase section */

/* Begin PBXSourcesBuildPhase section */
		9DF0B8BB2E944F670065C7F7 /* Sources */ = {
			isa = PBXSourcesBuildPhase;
			buildActionMask = 2147483647;
			files = (
			);
			runOnlyForDeploymentPostprocessing = 0;
		};
		9DF0B8C82E944F680065C7F7 /* Sources */ = {
			isa = PBXSourcesBuildPhase;
			buildActionMask = 2147483647;
			files = (
			);
			runOnlyForDeploymentPostprocessing = 0;
		};
		9DF0B8D22E944F680065C7F7 /* Sources */ = {
			isa = PBXSourcesBuildPhase;
			buildActionMask = 2147483647;
			files = (
			);
			runOnlyForDeploymentPostprocessing = 0;
		};
/* End PBXSourcesBuildPhase section */

/* Begin PBXTargetDependency section */
		9DF0B8CE2E944F680065C7F7 /* PBXTargetDependency */ = {
			isa = PBXTargetDependency;
			target = 9DF0B8BE2E944F670065C7F7 /* ChooseYourOwn */;
			targetProxy = 9DF0B8CD2E944F680065C7F7 /* PBXContainerItemProxy */;
		};
		9DF0B8D82E944F680065C7F7 /* PBXTargetDependency */ = {
			isa = PBXTargetDependency;
			target = 9DF0B8BE2E944F670065C7F7 /* ChooseYourOwn */;
			targetProxy = 9DF0B8D72E944F680065C7F7 /* PBXContainerItemProxy */;
		};
/* End PBXTargetDependency section */

/* Begin XCBuildConfiguration section */
		9DF0B8DE2E944F680065C7F7 /* Debug */ = {
			isa = XCBuildConfiguration;
			buildSettings = {
				ALWAYS_SEARCH_USER_PATHS = NO;
				ASSETCATALOG_COMPILER_GENERATE_SWIFT_ASSET_SYMBOL_EXTENSIONS = YES;
				CLANG_ANALYZER_NONNULL = YES;
				CLANG_ANALYZER_NUMBER_OBJECT_CONVERSION = YES_AGGRESSIVE;
				CLANG_CXX_LANGUAGE_STANDARD = "gnu++20";
				CLANG_ENABLE_MODULES = YES;
				CLANG_ENABLE_OBJC_ARC = YES;
				CLANG_ENABLE_OBJC_WEAK = YES;
				CLANG_WARN_BLOCK_CAPTURE_AUTORELEASING = YES;
				CLANG_WARN_BOOL_CONVERSION = YES;
				CLANG_WARN_COMMA = YES;
				CLANG_WARN_CONSTANT_CONVERSION = YES;
				CLANG_WARN_DEPRECATED_OBJC_IMPLEMENTATIONS = YES;
				CLANG_WARN_DIRECT_OBJC_ISA_USAGE = YES_ERROR;
				CLANG_WARN_DOCUMENTATION_COMMENTS = YES;
				CLANG_WARN_EMPTY_BODY = YES;
				CLANG_WARN_ENUM_CONVERSION = YES;
				CLANG_WARN_INFINITE_RECURSION = YES;
				CLANG_WARN_INT_CONVERSION = YES;
				CLANG_WARN_NON_LITERAL_NULL_CONVERSION = YES;
				CLANG_WARN_OBJC_IMPLICIT_RETAIN_SELF = YES;
				CLANG_WARN_OBJC_LITERAL_CONVERSION = YES;
				CLANG_WARN_OBJC_ROOT_CLASS = YES_ERROR;
				CLANG_WARN_QUOTED_INCLUDE_IN_FRAMEWORK_HEADER = YES;
				CLANG_WARN_RANGE_LOOP_ANALYSIS = YES;
				CLANG_WARN_STRICT_PROTOTYPES = YES;
				CLANG_WARN_SUSPICIOUS_MOVE = YES;
				CLANG_WARN_UNGUARDED_AVAILABILITY = YES_AGGRESSIVE;
				CLANG_WARN_UNREACHABLE_CODE = YES;
				CLANG_WARN__DUPLICATE_METHOD_MATCH = YES;
				COPY_PHASE_STRIP = NO;
				DEBUG_INFORMATION_FORMAT = dwarf;
				DEVELOPMENT_TEAM = Q48796JV8T;
				ENABLE_STRICT_OBJC_MSGSEND = YES;
				ENABLE_TESTABILITY = YES;
				ENABLE_USER_SCRIPT_SANDBOXING = YES;
				GCC_C_LANGUAGE_STANDARD = gnu17;
				GCC_DYNAMIC_NO_PIC = NO;
				GCC_NO_COMMON_BLOCKS = YES;
				GCC_OPTIMIZATION_LEVEL = 0;
				GCC_PREPROCESSOR_DEFINITIONS = (
					"DEBUG=1",
					"$(inherited)",
				);
				GCC_WARN_64_TO_32_BIT_CONVERSION = YES;
				GCC_WARN_ABOUT_RETURN_TYPE = YES_ERROR;
				GCC_WARN_UNDECLARED_SELECTOR = YES;
				GCC_WARN_UNINITIALIZED_AUTOS = YES_AGGRESSIVE;
				GCC_WARN_UNUSED_FUNCTION = YES;
				GCC_WARN_UNUSED_VARIABLE = YES;
				IPHONEOS_DEPLOYMENT_TARGET = 18.5;
				LOCALIZATION_PREFERS_STRING_CATALOGS = YES;
				MTL_ENABLE_DEBUG_INFO = INCLUDE_SOURCE;
				MTL_FAST_MATH = YES;
				ONLY_ACTIVE_ARCH = YES;
				SDKROOT = iphoneos;
				SWIFT_ACTIVE_COMPILATION_CONDITIONS = "DEBUG $(inherited)";
				SWIFT_OPTIMIZATION_LEVEL = "-Onone";
			};
			name = Debug;
		};
		9DF0B8DF2E944F680065C7F7 /* Release */ = {
			isa = XCBuildConfiguration;
			buildSettings = {
				ALWAYS_SEARCH_USER_PATHS = NO;
				ASSETCATALOG_COMPILER_GENERATE_SWIFT_ASSET_SYMBOL_EXTENSIONS = YES;
				CLANG_ANALYZER_NONNULL = YES;
				CLANG_ANALYZER_NUMBER_OBJECT_CONVERSION = YES_AGGRESSIVE;
				CLANG_CXX_LANGUAGE_STANDARD = "gnu++20";
				CLANG_ENABLE_MODULES = YES;
				CLANG_ENABLE_OBJC_ARC = YES;
				CLANG_ENABLE_OBJC_WEAK = YES;
				CLANG_WARN_BLOCK_CAPTURE_AUTORELEASING = YES;
				CLANG_WARN_BOOL_CONVERSION = YES;
				CLANG_WARN_COMMA = YES;
				CLANG_WARN_CONSTANT_CONVERSION = YES;
				CLANG_WARN_DEPRECATED_OBJC_IMPLEMENTATIONS = YES;
				CLANG_WARN_DIRECT_OBJC_ISA_USAGE = YES_ERROR;
				CLANG_WARN_DOCUMENTATION_COMMENTS = YES;
				CLANG_WARN_EMPTY_BODY = YES;
				CLANG_WARN_ENUM_CONVERSION = YES;
				CLANG_WARN_INFINITE_RECURSION = YES;
				CLANG_WARN_INT_CONVERSION = YES;
				CLANG_WARN_NON_LITERAL_NULL_CONVERSION = YES;
				CLANG_WARN_OBJC_IMPLICIT_RETAIN_SELF = YES;
				CLANG_WARN_OBJC_LITERAL_CONVERSION = YES;
				CLANG_WARN_OBJC_ROOT_CLASS = YES_ERROR;
				CLANG_WARN_QUOTED_INCLUDE_IN_FRAMEWORK_HEADER = YES;
				CLANG_WARN_RANGE_LOOP_ANALYSIS = YES;
				CLANG_WARN_STRICT_PROTOTYPES = YES;
				CLANG_WARN_SUSPICIOUS_MOVE = YES;
				CLANG_WARN_UNGUARDED_AVAILABILITY = YES_AGGRESSIVE;
				CLANG_WARN_UNREACHABLE_CODE = YES;
				CLANG_WARN__DUPLICATE_METHOD_MATCH = YES;
				COPY_PHASE_STRIP = NO;
				DEBUG_INFORMATION_FORMAT = "dwarf-with-dsym";
				DEVELOPMENT_TEAM = Q48796JV8T;
				ENABLE_NS_ASSERTIONS = NO;
				ENABLE_STRICT_OBJC_MSGSEND = YES;
				ENABLE_USER_SCRIPT_SANDBOXING = YES;
				GCC_C_LANGUAGE_STANDARD = gnu17;
				GCC_NO_COMMON_BLOCKS = YES;
				GCC_WARN_64_TO_32_BIT_CONVERSION = YES;
				GCC_WARN_ABOUT_RETURN_TYPE = YES_ERROR;
				GCC_WARN_UNDECLARED_SELECTOR = YES;
				GCC_WARN_UNINITIALIZED_AUTOS = YES_AGGRESSIVE;
				GCC_WARN_UNUSED_FUNCTION = YES;
				GCC_WARN_UNUSED_VARIABLE = YES;
				IPHONEOS_DEPLOYMENT_TARGET = 18.5;
				LOCALIZATION_PREFERS_STRING_CATALOGS = YES;
				MTL_ENABLE_DEBUG_INFO = NO;
				MTL_FAST_MATH = YES;
				SDKROOT = iphoneos;
				SWIFT_COMPILATION_MODE = wholemodule;
				VALIDATE_PRODUCT = YES;
			};
			name = Release;
		};
		9DF0B8E12E944F680065C7F7 /* Debug */ = {
			isa = XCBuildConfiguration;
			buildSettings = {
				ASSETCATALOG_COMPILER_APPICON_NAME = AppIcon;
				ASSETCATALOG_COMPILER_GLOBAL_ACCENT_COLOR_NAME = AccentColor;
				CODE_SIGN_STYLE = Automatic;
				CURRENT_PROJECT_VERSION = 1;
				DEVELOPMENT_TEAM = Q48796JV8T;
				ENABLE_PREVIEWS = YES;
				GENERATE_INFOPLIST_FILE = YES;
				INFOPLIST_KEY_UIApplicationSceneManifest_Generation = YES;
				INFOPLIST_KEY_UIApplicationSupportsIndirectInputEvents = YES;
				INFOPLIST_KEY_UILaunchScreen_Generation = YES;
				INFOPLIST_KEY_UISupportedInterfaceOrientations_iPad = "UIInterfaceOrientationPortrait UIInterfaceOrientationPortraitUpsideDown UIInterfaceOrientationLandscapeLeft UIInterfaceOrientationLandscapeRight";
				INFOPLIST_KEY_UISupportedInterfaceOrientations_iPhone = "UIInterfaceOrientationPortrait UIInterfaceOrientationLandscapeLeft UIInterfaceOrientationLandscapeRight";
				LD_RUNPATH_SEARCH_PATHS = (
					"$(inherited)",
					"@executable_path/Frameworks",
				);
				MARKETING_VERSION = 1.0;
				PRODUCT_BUNDLE_IDENTIFIER = CTC.ChooseYourOwn;
				PRODUCT_NAME = "$(TARGET_NAME)";
				SWIFT_EMIT_LOC_STRINGS = YES;
				SWIFT_VERSION = 5.0;
				TARGETED_DEVICE_FAMILY = "1,2";
			};
			name = Debug;
		};
		9DF0B8E22E944F680065C7F7 /* Release */ = {
			isa = XCBuildConfiguration;
			buildSettings = {
				ASSETCATALOG_COMPILER_APPICON_NAME = AppIcon;
				ASSETCATALOG_COMPILER_GLOBAL_ACCENT_COLOR_NAME = AccentColor;
				CODE_SIGN_STYLE = Automatic;
				CURRENT_PROJECT_VERSION = 1;
				DEVELOPMENT_TEAM = Q48796JV8T;
				ENABLE_PREVIEWS = YES;
				GENERATE_INFOPLIST_FILE = YES;
				INFOPLIST_KEY_UIApplicationSceneManifest_Generation = YES;
				INFOPLIST_KEY_UIApplicationSupportsIndirectInputEvents = YES;
				INFOPLIST_KEY_UILaunchScreen_Generation = YES;
				INFOPLIST_KEY_UISupportedInterfaceOrientations_iPad = "UIInterfaceOrientationPortrait UIInterfaceOrientationPortraitUpsideDown UIInterfaceOrientationLandscapeLeft UIInterfaceOrientationLandscapeRight";
				INFOPLIST_KEY_UISupportedInterfaceOrientations_iPhone = "UIInterfaceOrientationPortrait UIInterfaceOrientationLandscapeLeft UIInterfaceOrientationLandscapeRight";
				LD_RUNPATH_SEARCH_PATHS = (
					"$(inherited)",
					"@executable_path/Frameworks",
				);
				MARKETING_VERSION = 1.0;
				PRODUCT_BUNDLE_IDENTIFIER = CTC.ChooseYourOwn;
				PRODUCT_NAME = "$(TARGET_NAME)";
				SWIFT_EMIT_LOC_STRINGS = YES;
				SWIFT_VERSION = 5.0;
				TARGETED_DEVICE_FAMILY = "1,2";
			};
			name = Release;
		};
		9DF0B8E42E944F680065C7F7 /* Debug */ = {
			isa = XCBuildConfiguration;
			buildSettings = {
				BUNDLE_LOADER = "$(TEST_HOST)";
				CODE_SIGN_STYLE = Automatic;
				CURRENT_PROJECT_VERSION = 1;
				DEVELOPMENT_TEAM = Q48796JV8T;
				GENERATE_INFOPLIST_FILE = YES;
				IPHONEOS_DEPLOYMENT_TARGET = 18.5;
				MARKETING_VERSION = 1.0;
				PRODUCT_BUNDLE_IDENTIFIER = CTC.ChooseYourOwnTests;
				PRODUCT_NAME = "$(TARGET_NAME)";
				SWIFT_EMIT_LOC_STRINGS = NO;
				SWIFT_VERSION = 5.0;
				TARGETED_DEVICE_FAMILY = "1,2";
				TEST_HOST = "$(BUILT_PRODUCTS_DIR)/ChooseYourOwn.app/$(BUNDLE_EXECUTABLE_FOLDER_PATH)/ChooseYourOwn";
			};
			name = Debug;
		};
		9DF0B8E52E944F680065C7F7 /* Release */ = {
			isa = XCBuildConfiguration;
			buildSettings = {
				BUNDLE_LOADER = "$(TEST_HOST)";
				CODE_SIGN_STYLE = Automatic;
				CURRENT_PROJECT_VERSION = 1;
				DEVELOPMENT_TEAM = Q48796JV8T;
				GENERATE_INFOPLIST_FILE = YES;
				IPHONEOS_DEPLOYMENT_TARGET = 18.5;
				MARKETING_VERSION = 1.0;
				PRODUCT_BUNDLE_IDENTIFIER = CTC.ChooseYourOwnTests;
				PRODUCT_NAME = "$(TARGET_NAME)";
				SWIFT_EMIT_LOC_STRINGS = NO;
				SWIFT_VERSION = 5.0;
				TARGETED_DEVICE_FAMILY = "1,2";
				TEST_HOST = "$(BUILT_PRODUCTS_DIR)/ChooseYourOwn.app/$(BUNDLE_EXECUTABLE_FOLDER_PATH)/ChooseYourOwn";
			};
			name = Release;
		};
		9DF0B8E72E944F680065C7F7 /* Debug */ = {
			isa = XCBuildConfiguration;
			buildSettings = {
				CODE_SIGN_STYLE = Automatic;
				CURRENT_PROJECT_VERSION = 1;
				DEVELOPMENT_TEAM = Q48796JV8T;
				GENERATE_INFOPLIST_FILE = YES;
				MARKETING_VERSION = 1.0;
				PRODUCT_BUNDLE_IDENTIFIER = CTC.ChooseYourOwnUITests;
				PRODUCT_NAME = "$(TARGET_NAME)";
				SWIFT_EMIT_LOC_STRINGS = NO;
				SWIFT_VERSION = 5.0;
				TARGETED_DEVICE_FAMILY = "1,2";
				TEST_TARGET_NAME = ChooseYourOwn;
			};
			name = Debug;
		};
		9DF0B8E82E944F680065C7F7 /* Release */ = {
			isa = XCBuildConfiguration;
			buildSettings = {
				CODE_SIGN_STYLE = Automatic;
				CURRENT_PROJECT_VERSION = 1;
				DEVELOPMENT_TEAM = Q48796JV8T;
				GENERATE_INFOPLIST_FILE = YES;
				MARKETING_VERSION = 1.0;
				PRODUCT_BUNDLE_IDENTIFIER = CTC.ChooseYourOwnUITests;
				PRODUCT_NAME = "$(TARGET_NAME)";
				SWIFT_EMIT_LOC_STRINGS = NO;
				SWIFT_VERSION = 5.0;
				TARGETED_DEVICE_FAMILY = "1,2";
				TEST_TARGET_NAME = ChooseYourOwn;
			};
			name = Release;
		};
/* End XCBuildConfiguration section */

/* Begin XCConfigurationList section */
		9DF0B8BA2E944F670065C7F7 /* Build configuration list for PBXProject "ChooseYourOwn" */ = {
			isa = XCConfigurationList;
			buildConfigurations = (
				9DF0B8DE2E944F680065C7F7 /* Debug */,
				9DF0B8DF2E944F680065C7F7 /* Release */,
			);
			defaultConfigurationIsVisible = 0;
			defaultConfigurationName = Release;
		};
		9DF0B8E02E944F680065C7F7 /* Build configuration list for PBXNativeTarget "ChooseYourOwn" */ = {
			isa = XCConfigurationList;
			buildConfigurations = (
				9DF0B8E12E944F680065C7F7 /* Debug */,
				9DF0B8E22E944F680065C7F7 /* Release */,
			);
			defaultConfigurationIsVisible = 0;
			defaultConfigurationName = Release;
		};
		9DF0B8E32E944F680065C7F7 /* Build configuration list for PBXNativeTarget "ChooseYourOwnTests" */ = {
			isa = XCConfigurationList;
			buildConfigurations = (
				9DF0B8E42E944F680065C7F7 /* Debug */,
				9DF0B8E52E944F680065C7F7 /* Release */,
			);
			defaultConfigurationIsVisible = 0;
			defaultConfigurationName = Release;
		};
		9DF0B8E62E944F680065C7F7 /* Build configuration list for PBXNativeTarget "ChooseYourOwnUITests" */ = {
			isa = XCConfigurationList;
			buildConfigurations = (
				9DF0B8E72E944F680065C7F7 /* Debug */,
				9DF0B8E82E944F680065C7F7 /* Release */,
			);
			defaultConfigurationIsVisible = 0;
			defaultConfigurationName = Release;
		};
/* End XCConfigurationList section */
	};
	rootObject = 9DF0B8B72E944F670065C7F7 /* Project object */;
}
